PODS:
  - Nimble (9.2.1)
  - Quick (4.0.0)
  - VFNetwork (0.0.1)

DEPENDENCIES:
  - Nimble
  - Quick
  - VFNetwork (from `../`)

SPEC REPOS:
  https://github.com/CocoaPods/Specs.git:
    - Nimble
    - Quick

EXTERNAL SOURCES:
  VFNetwork:
    :path: "../"

SPEC CHECKSUMS:
  Nimble: e7e615c0335ee4bf5b0d786685451e62746117d5
  Quick: 6473349e43b9271a8d43839d9ba1c442ed1b7ac4
  VFNetwork: 641eda2fc1173b3f226673734460cbc80e93114d

PODFILE CHECKSUM: d1788e501a9f4b7dcf9acd700cf08fe8d384cd30

COCOAPODS: 1.11.2
