// !$*UTF8*$!
{
	archiveVersion = 1;
	classes = {
	};
	objectVersion = 46;
	objects = {

/* Begin PBXBuildFile section */
		3B3E5D3B30BE381F31E0F984 /* Pods_VFNetwork_Example.framework in Frameworks */ = {isa = PBXBuildFile; fileRef = CCC1FDEBD65E2FE4F0873291 /* Pods_VFNetwork_Example.framework */; };
		607FACD61AFB9204008FA782 /* AppDelegate.swift in Sources */ = {isa = PBXBuildFile; fileRef = 607FACD51AFB9204008FA782 /* AppDelegate.swift */; };
		607FACD81AFB9204008FA782 /* HomeViewController.swift in Sources */ = {isa = PBXBuildFile; fileRef = 607FACD71AFB9204008FA782 /* HomeViewController.swift */; };
		607FACDD1AFB9204008FA782 /* Images.xcassets in Resources */ = {isa = PBXBuildFile; fileRef = 607FACDC1AFB9204008FA782 /* Images.xcassets */; };
		607FACE01AFB9204008FA782 /* LaunchScreen.xib in Resources */ = {isa = PBXBuildFile; fileRef = 607FACDE1AFB9204008FA782 /* LaunchScreen.xib */; };
		AAE3BA9C8F568C51E7049913 /* Pods_VFNetwork_Example.framework in Frameworks */ = {isa = PBXBuildFile; fileRef = DD05CB42278BC58100D94044 /* Pods_VFNetwork_Example.framework */; };
		DD05CB45278BC60300D94044 /* VFNetwork.framework in Frameworks */ = {isa = PBXBuildFile; fileRef = DD05CB44278BC60300D94044 /* VFNetwork.framework */; };
		DD37A6D327A8554400EE2F53 /* VLogger.swift in Sources */ = {isa = PBXBuildFile; fileRef = DD37A6D227A8554400EE2F53 /* VLogger.swift */; };
		DD3D6F112788BEDC00059943 /* Disk.swift in Sources */ = {isa = PBXBuildFile; fileRef = DD3D6EEB2788BEDC00059943 /* Disk.swift */; };
		DD3D6F122788BEDC00059943 /* CacheKey.swift in Sources */ = {isa = PBXBuildFile; fileRef = DD3D6EED2788BEDC00059943 /* CacheKey.swift */; };
		DD3D6F132788BEDC00059943 /* Cacheable.swift in Sources */ = {isa = PBXBuildFile; fileRef = DD3D6EEF2788BEDC00059943 /* Cacheable.swift */; };
		DD3D6F142788BEDC00059943 /* Cache.swift in Sources */ = {isa = PBXBuildFile; fileRef = DD3D6EF02788BEDC00059943 /* Cache.swift */; };
		DD3D6F152788BEDC00059943 /* ParameterEncoding.swift in Sources */ = {isa = PBXBuildFile; fileRef = DD3D6EF22788BEDC00059943 /* ParameterEncoding.swift */; };
		DD3D6F162788BEDC00059943 /* URLParameterEncoding.swift in Sources */ = {isa = PBXBuildFile; fileRef = DD3D6EF32788BEDC00059943 /* URLParameterEncoding.swift */; };
		DD3D6F172788BEDC00059943 /* JSONParameterEncoding.swift in Sources */ = {isa = PBXBuildFile; fileRef = DD3D6EF42788BEDC00059943 /* JSONParameterEncoding.swift */; };
		DD3D6F182788BEDC00059943 /* JSONMockContentFile.swift in Sources */ = {isa = PBXBuildFile; fileRef = DD3D6EF62788BEDC00059943 /* JSONMockContentFile.swift */; };
		DD3D6F192788BEDC00059943 /* JSONMockOrchestrator.swift in Sources */ = {isa = PBXBuildFile; fileRef = DD3D6EF72788BEDC00059943 /* JSONMockOrchestrator.swift */; };
		DD3D6F1A2788BEDC00059943 /* HTTPTask.swift in Sources */ = {isa = PBXBuildFile; fileRef = DD3D6EF92788BEDC00059943 /* HTTPTask.swift */; };
		DD3D6F1B2788BEDC00059943 /* HTTPMethod.swift in Sources */ = {isa = PBXBuildFile; fileRef = DD3D6EFA2788BEDC00059943 /* HTTPMethod.swift */; };
		DD3D6F1C2788BEDC00059943 /* URLPath.swift in Sources */ = {isa = PBXBuildFile; fileRef = DD3D6EFB2788BEDC00059943 /* URLPath.swift */; };
		DD3D6F1D2788BEDC00059943 /* VCodable.swift in Sources */ = {isa = PBXBuildFile; fileRef = DD3D6EFC2788BEDC00059943 /* VCodable.swift */; };
		DD3D6F1E2788BEDC00059943 /* Environment.swift in Sources */ = {isa = PBXBuildFile; fileRef = DD3D6EFE2788BEDC00059943 /* Environment.swift */; };
		DD3D6F1F2788BEDC00059943 /* Production.xcconfig in Resources */ = {isa = PBXBuildFile; fileRef = DD3D6F002788BEDC00059943 /* Production.xcconfig */; };
		DD3D6F202788BEDC00059943 /* APIBuilder+BaseURL.swift in Sources */ = {isa = PBXBuildFile; fileRef = DD3D6F022788BEDC00059943 /* APIBuilder+BaseURL.swift */; };
		DD3D6F212788BEDC00059943 /* APIBuilder.swift in Sources */ = {isa = PBXBuildFile; fileRef = DD3D6F032788BEDC00059943 /* APIBuilder.swift */; };
		DD3D6F222788BEDC00059943 /* APIError.swift in Sources */ = {isa = PBXBuildFile; fileRef = DD3D6F042788BEDC00059943 /* APIError.swift */; };
		DD3D6F232788BEDC00059943 /* RequestOrchestrator.swift in Sources */ = {isa = PBXBuildFile; fileRef = DD3D6F062788BEDC00059943 /* RequestOrchestrator.swift */; };
		DD3D6F242788BEDC00059943 /* RequestService.swift in Sources */ = {isa = PBXBuildFile; fileRef = DD3D6F072788BEDC00059943 /* RequestService.swift */; };
		DD3D6F252788BEDC00059943 /* RequestLogger.swift in Sources */ = {isa = PBXBuildFile; fileRef = DD3D6F082788BEDC00059943 /* RequestLogger.swift */; };
		DD3D6F262788BEDC00059943 /* RequestExecutor.swift in Sources */ = {isa = PBXBuildFile; fileRef = DD3D6F092788BEDC00059943 /* RequestExecutor.swift */; };
		DD3D6F272788BEDC00059943 /* RequestHeader.swift in Sources */ = {isa = PBXBuildFile; fileRef = DD3D6F0A2788BEDC00059943 /* RequestHeader.swift */; };
		DD3D6F282788BEDC00059943 /* RequestProvider.swift in Sources */ = {isa = PBXBuildFile; fileRef = DD3D6F0B2788BEDC00059943 /* RequestProvider.swift */; };
		DD3D6F292788BEDC00059943 /* RequestOrchestratorProtocol.swift in Sources */ = {isa = PBXBuildFile; fileRef = DD3D6F0D2788BEDC00059943 /* RequestOrchestratorProtocol.swift */; };
		DD3D6F2A2788BEDC00059943 /* RequestBuilderProtocol.swift in Sources */ = {isa = PBXBuildFile; fileRef = DD3D6F0E2788BEDC00059943 /* RequestBuilderProtocol.swift */; };
		DD3D6F2B2788BEDC00059943 /* .gitkeep in Resources */ = {isa = PBXBuildFile; fileRef = DD3D6F102788BEDC00059943 /* .gitkeep */; };
		DD5DF34E276B71C200BF095D /* HomeViewModelTests.swift in Sources */ = {isa = PBXBuildFile; fileRef = DD5DF34D276B71C200BF095D /* HomeViewModelTests.swift */; };
		DD620C5E276A97E9008A145C /* HomeAPI.swift in Sources */ = {isa = PBXBuildFile; fileRef = DD620C5D276A97E9008A145C /* HomeAPI.swift */; };
		DD620C60276A987B008A145C /* HomeService.swift in Sources */ = {isa = PBXBuildFile; fileRef = DD620C5F276A987B008A145C /* HomeService.swift */; };
		DD620C64276A9B66008A145C /* HomeView.swift in Sources */ = {isa = PBXBuildFile; fileRef = DD620C63276A9B66008A145C /* HomeView.swift */; };
		DD620C67276A9CA3008A145C /* HomeViewModel.swift in Sources */ = {isa = PBXBuildFile; fileRef = DD620C66276A9CA3008A145C /* HomeViewModel.swift */; };
		DD620C6A276A9CB4008A145C /* HomeModel.swift in Sources */ = {isa = PBXBuildFile; fileRef = DD620C69276A9CB4008A145C /* HomeModel.swift */; };
		DDBCF79627A76D7000987717 /* jokesSuccess.json in Resources */ = {isa = PBXBuildFile; fileRef = DD5DF351276B774B00BF095D /* jokesSuccess.json */; };
		FAFAC85A25E12F009EE83833 /* Pods_VFNetwork_Tests.framework in Frameworks */ = {isa = PBXBuildFile; fileRef = 3A02B2E1503BE0CF365D7174 /* Pods_VFNetwork_Tests.framework */; };
/* End PBXBuildFile section */

/* Begin PBXContainerItemProxy section */
		607FACE61AFB9204008FA782 /* PBXContainerItemProxy */ = {
			isa = PBXContainerItemProxy;
			containerPortal = 607FACC81AFB9204008FA782 /* Project object */;
			proxyType = 1;
			remoteGlobalIDString = 607FACCF1AFB9204008FA782;
			remoteInfo = VFNetwork;
		};
/* End PBXContainerItemProxy section */

/* Begin PBXFileReference section */
		3A02B2E1503BE0CF365D7174 /* Pods_VFNetwork_Tests.framework */ = {isa = PBXFileReference; explicitFileType = wrapper.framework; includeInIndex = 0; path = Pods_VFNetwork_Tests.framework; sourceTree = BUILT_PRODUCTS_DIR; };
		3C8EEE0D790659E7F282695E /* Pods-VFNetwork_Tests.debug.xcconfig */ = {isa = PBXFileReference; includeInIndex = 1; lastKnownFileType = text.xcconfig; name = "Pods-VFNetwork_Tests.debug.xcconfig"; path = "Target Support Files/Pods-VFNetwork_Tests/Pods-VFNetwork_Tests.debug.xcconfig"; sourceTree = "<group>"; };
		3F798E48B6435C135516EC9C /* Pods-VFNetwork_Example.debug.xcconfig */ = {isa = PBXFileReference; includeInIndex = 1; lastKnownFileType = text.xcconfig; name = "Pods-VFNetwork_Example.debug.xcconfig"; path = "Target Support Files/Pods-VFNetwork_Example/Pods-VFNetwork_Example.debug.xcconfig"; sourceTree = "<group>"; };
		607FACD01AFB9204008FA782 /* VFNetwork_Example.app */ = {isa = PBXFileReference; explicitFileType = wrapper.application; includeInIndex = 0; path = VFNetwork_Example.app; sourceTree = BUILT_PRODUCTS_DIR; };
		607FACD41AFB9204008FA782 /* Info.plist */ = {isa = PBXFileReference; lastKnownFileType = text.plist.xml; path = Info.plist; sourceTree = "<group>"; };
		607FACD51AFB9204008FA782 /* AppDelegate.swift */ = {isa = PBXFileReference; lastKnownFileType = sourcecode.swift; path = AppDelegate.swift; sourceTree = "<group>"; };
		607FACD71AFB9204008FA782 /* HomeViewController.swift */ = {isa = PBXFileReference; lastKnownFileType = sourcecode.swift; path = HomeViewController.swift; sourceTree = "<group>"; };
		607FACDC1AFB9204008FA782 /* Images.xcassets */ = {isa = PBXFileReference; lastKnownFileType = folder.assetcatalog; path = Images.xcassets; sourceTree = "<group>"; };
		607FACDF1AFB9204008FA782 /* Base */ = {isa = PBXFileReference; lastKnownFileType = file.xib; name = Base; path = Base.lproj/LaunchScreen.xib; sourceTree = "<group>"; };
		607FACE51AFB9204008FA782 /* VFNetwork_Tests.xctest */ = {isa = PBXFileReference; explicitFileType = wrapper.cfbundle; includeInIndex = 0; path = VFNetwork_Tests.xctest; sourceTree = BUILT_PRODUCTS_DIR; };
		607FACEA1AFB9204008FA782 /* Info.plist */ = {isa = PBXFileReference; lastKnownFileType = text.plist.xml; path = Info.plist; sourceTree = "<group>"; };
		61B9411CE44F61E13E653C59 /* README.md */ = {isa = PBXFileReference; includeInIndex = 1; lastKnownFileType = net.daringfireball.markdown; name = README.md; path = ../README.md; sourceTree = "<group>"; };
		65A68D4BA05843F5A967D10B /* LICENSE */ = {isa = PBXFileReference; includeInIndex = 1; lastKnownFileType = text; name = LICENSE; path = ../LICENSE; sourceTree = "<group>"; };
		78E23C2B35012F7E9A81E00F /* Pods-VFNetwork_Example.release.xcconfig */ = {isa = PBXFileReference; includeInIndex = 1; lastKnownFileType = text.xcconfig; name = "Pods-VFNetwork_Example.release.xcconfig"; path = "Target Support Files/Pods-VFNetwork_Example/Pods-VFNetwork_Example.release.xcconfig"; sourceTree = "<group>"; };
		844B37DF14CEE5FE81ED3644 /* Pods-VFNetwork_Tests.release.xcconfig */ = {isa = PBXFileReference; includeInIndex = 1; lastKnownFileType = text.xcconfig; name = "Pods-VFNetwork_Tests.release.xcconfig"; path = "Target Support Files/Pods-VFNetwork_Tests/Pods-VFNetwork_Tests.release.xcconfig"; sourceTree = "<group>"; };
		CCC1FDEBD65E2FE4F0873291 /* Pods_VFNetwork_Example.framework */ = {isa = PBXFileReference; explicitFileType = wrapper.framework; includeInIndex = 0; path = Pods_VFNetwork_Example.framework; sourceTree = BUILT_PRODUCTS_DIR; };
		DD05CB42278BC58100D94044 /* Pods_VFNetwork_Example.framework */ = {isa = PBXFileReference; explicitFileType = wrapper.framework; path = Pods_VFNetwork_Example.framework; sourceTree = BUILT_PRODUCTS_DIR; };
		DD05CB44278BC60300D94044 /* VFNetwork.framework */ = {isa = PBXFileReference; explicitFileType = wrapper.framework; path = VFNetwork.framework; sourceTree = BUILT_PRODUCTS_DIR; };
		DD37A6D227A8554400EE2F53 /* VLogger.swift */ = {isa = PBXFileReference; fileEncoding = 4; lastKnownFileType = sourcecode.swift; path = VLogger.swift; sourceTree = "<group>"; };
		DD3D6EEB2788BEDC00059943 /* Disk.swift */ = {isa = PBXFileReference; fileEncoding = 4; lastKnownFileType = sourcecode.swift; path = Disk.swift; sourceTree = "<group>"; };
		DD3D6EED2788BEDC00059943 /* CacheKey.swift */ = {isa = PBXFileReference; fileEncoding = 4; lastKnownFileType = sourcecode.swift; path = CacheKey.swift; sourceTree = "<group>"; };
		DD3D6EEF2788BEDC00059943 /* Cacheable.swift */ = {isa = PBXFileReference; fileEncoding = 4; lastKnownFileType = sourcecode.swift; path = Cacheable.swift; sourceTree = "<group>"; };
		DD3D6EF02788BEDC00059943 /* Cache.swift */ = {isa = PBXFileReference; fileEncoding = 4; lastKnownFileType = sourcecode.swift; path = Cache.swift; sourceTree = "<group>"; };
		DD3D6EF22788BEDC00059943 /* ParameterEncoding.swift */ = {isa = PBXFileReference; fileEncoding = 4; lastKnownFileType = sourcecode.swift; path = ParameterEncoding.swift; sourceTree = "<group>"; };
		DD3D6EF32788BEDC00059943 /* URLParameterEncoding.swift */ = {isa = PBXFileReference; fileEncoding = 4; lastKnownFileType = sourcecode.swift; path = URLParameterEncoding.swift; sourceTree = "<group>"; };
		DD3D6EF42788BEDC00059943 /* JSONParameterEncoding.swift */ = {isa = PBXFileReference; fileEncoding = 4; lastKnownFileType = sourcecode.swift; path = JSONParameterEncoding.swift; sourceTree = "<group>"; };
		DD3D6EF62788BEDC00059943 /* JSONMockContentFile.swift */ = {isa = PBXFileReference; fileEncoding = 4; lastKnownFileType = sourcecode.swift; path = JSONMockContentFile.swift; sourceTree = "<group>"; };
		DD3D6EF72788BEDC00059943 /* JSONMockOrchestrator.swift */ = {isa = PBXFileReference; fileEncoding = 4; lastKnownFileType = sourcecode.swift; path = JSONMockOrchestrator.swift; sourceTree = "<group>"; };
		DD3D6EF92788BEDC00059943 /* HTTPTask.swift */ = {isa = PBXFileReference; fileEncoding = 4; lastKnownFileType = sourcecode.swift; path = HTTPTask.swift; sourceTree = "<group>"; };
		DD3D6EFA2788BEDC00059943 /* HTTPMethod.swift */ = {isa = PBXFileReference; fileEncoding = 4; lastKnownFileType = sourcecode.swift; path = HTTPMethod.swift; sourceTree = "<group>"; };
		DD3D6EFB2788BEDC00059943 /* URLPath.swift */ = {isa = PBXFileReference; fileEncoding = 4; lastKnownFileType = sourcecode.swift; path = URLPath.swift; sourceTree = "<group>"; };
		DD3D6EFC2788BEDC00059943 /* VCodable.swift */ = {isa = PBXFileReference; fileEncoding = 4; lastKnownFileType = sourcecode.swift; path = VCodable.swift; sourceTree = "<group>"; };
		DD3D6EFE2788BEDC00059943 /* Environment.swift */ = {isa = PBXFileReference; fileEncoding = 4; lastKnownFileType = sourcecode.swift; path = Environment.swift; sourceTree = "<group>"; };
		DD3D6F002788BEDC00059943 /* Production.xcconfig */ = {isa = PBXFileReference; fileEncoding = 4; lastKnownFileType = text.xcconfig; path = Production.xcconfig; sourceTree = "<group>"; };
		DD3D6F022788BEDC00059943 /* APIBuilder+BaseURL.swift */ = {isa = PBXFileReference; fileEncoding = 4; lastKnownFileType = sourcecode.swift; path = "APIBuilder+BaseURL.swift"; sourceTree = "<group>"; };
		DD3D6F032788BEDC00059943 /* APIBuilder.swift */ = {isa = PBXFileReference; fileEncoding = 4; lastKnownFileType = sourcecode.swift; path = APIBuilder.swift; sourceTree = "<group>"; };
		DD3D6F042788BEDC00059943 /* APIError.swift */ = {isa = PBXFileReference; fileEncoding = 4; lastKnownFileType = sourcecode.swift; path = APIError.swift; sourceTree = "<group>"; };
		DD3D6F062788BEDC00059943 /* RequestOrchestrator.swift */ = {isa = PBXFileReference; fileEncoding = 4; lastKnownFileType = sourcecode.swift; path = RequestOrchestrator.swift; sourceTree = "<group>"; };
		DD3D6F072788BEDC00059943 /* RequestService.swift */ = {isa = PBXFileReference; fileEncoding = 4; lastKnownFileType = sourcecode.swift; path = RequestService.swift; sourceTree = "<group>"; };
		DD3D6F082788BEDC00059943 /* RequestLogger.swift */ = {isa = PBXFileReference; fileEncoding = 4; lastKnownFileType = sourcecode.swift; path = RequestLogger.swift; sourceTree = "<group>"; };
		DD3D6F092788BEDC00059943 /* RequestExecutor.swift */ = {isa = PBXFileReference; fileEncoding = 4; lastKnownFileType = sourcecode.swift; path = RequestExecutor.swift; sourceTree = "<group>"; };
		DD3D6F0A2788BEDC00059943 /* RequestHeader.swift */ = {isa = PBXFileReference; fileEncoding = 4; lastKnownFileType = sourcecode.swift; path = RequestHeader.swift; sourceTree = "<group>"; };
		DD3D6F0B2788BEDC00059943 /* RequestProvider.swift */ = {isa = PBXFileReference; fileEncoding = 4; lastKnownFileType = sourcecode.swift; path = RequestProvider.swift; sourceTree = "<group>"; };
		DD3D6F0D2788BEDC00059943 /* RequestOrchestratorProtocol.swift */ = {isa = PBXFileReference; fileEncoding = 4; lastKnownFileType = sourcecode.swift; path = RequestOrchestratorProtocol.swift; sourceTree = "<group>"; };
		DD3D6F0E2788BEDC00059943 /* RequestBuilderProtocol.swift */ = {isa = PBXFileReference; fileEncoding = 4; lastKnownFileType = sourcecode.swift; path = RequestBuilderProtocol.swift; sourceTree = "<group>"; };
		DD3D6F102788BEDC00059943 /* .gitkeep */ = {isa = PBXFileReference; fileEncoding = 4; lastKnownFileType = text; path = .gitkeep; sourceTree = "<group>"; };
		DD3D6F2C2788BEE600059943 /* Package.swift */ = {isa = PBXFileReference; fileEncoding = 4; lastKnownFileType = sourcecode.swift; name = Package.swift; path = ../Package.swift; sourceTree = "<group>"; };
		DD5DF34D276B71C200BF095D /* HomeViewModelTests.swift */ = {isa = PBXFileReference; lastKnownFileType = sourcecode.swift; path = HomeViewModelTests.swift; sourceTree = "<group>"; };
		DD5DF351276B774B00BF095D /* jokesSuccess.json */ = {isa = PBXFileReference; lastKnownFileType = text.json; path = jokesSuccess.json; sourceTree = "<group>"; };
		DD620C5D276A97E9008A145C /* HomeAPI.swift */ = {isa = PBXFileReference; lastKnownFileType = sourcecode.swift; path = HomeAPI.swift; sourceTree = "<group>"; };
		DD620C5F276A987B008A145C /* HomeService.swift */ = {isa = PBXFileReference; lastKnownFileType = sourcecode.swift; path = HomeService.swift; sourceTree = "<group>"; };
		DD620C63276A9B66008A145C /* HomeView.swift */ = {isa = PBXFileReference; lastKnownFileType = sourcecode.swift; path = HomeView.swift; sourceTree = "<group>"; };
		DD620C66276A9CA3008A145C /* HomeViewModel.swift */ = {isa = PBXFileReference; lastKnownFileType = sourcecode.swift; path = HomeViewModel.swift; sourceTree = "<group>"; };
		DD620C69276A9CB4008A145C /* HomeModel.swift */ = {isa = PBXFileReference; lastKnownFileType = sourcecode.swift; path = HomeModel.swift; sourceTree = "<group>"; };
		F06B0DDC5C155475D0089C49 /* VFNetwork.podspec */ = {isa = PBXFileReference; includeInIndex = 1; lastKnownFileType = text; name = VFNetwork.podspec; path = ../VFNetwork.podspec; sourceTree = "<group>"; xcLanguageSpecificationIdentifier = xcode.lang.ruby; };
/* End PBXFileReference section */

/* Begin PBXFrameworksBuildPhase section */
		607FACCD1AFB9204008FA782 /* Frameworks */ = {
			isa = PBXFrameworksBuildPhase;
			buildActionMask = 2147483647;
			files = (
				DD05CB45278BC60300D94044 /* VFNetwork.framework in Frameworks */,
				3B3E5D3B30BE381F31E0F984 /* Pods_VFNetwork_Example.framework in Frameworks */,
				AAE3BA9C8F568C51E7049913 /* Pods_VFNetwork_Example.framework in Frameworks */,
			);
			runOnlyForDeploymentPostprocessing = 0;
		};
		607FACE21AFB9204008FA782 /* Frameworks */ = {
			isa = PBXFrameworksBuildPhase;
			buildActionMask = 2147483647;
			files = (
				FAFAC85A25E12F009EE83833 /* Pods_VFNetwork_Tests.framework in Frameworks */,
			);
			runOnlyForDeploymentPostprocessing = 0;
		};
/* End PBXFrameworksBuildPhase section */

/* Begin PBXGroup section */
		607FACC71AFB9204008FA782 = {
			isa = PBXGroup;
			children = (
				DD3D6F2C2788BEE600059943 /* Package.swift */,
				DD3D6EE82788BEDC00059943 /* Sources */,
				607FACF51AFB993E008FA782 /* Podspec Metadata */,
				607FACD21AFB9204008FA782 /* Example for VFNetwork */,
				607FACE81AFB9204008FA782 /* Tests */,
				607FACD11AFB9204008FA782 /* Products */,
				875BCEC3408FFB9F0BAFBFC8 /* Pods */,
				E2B25B1004D3272E78F9570D /* Frameworks */,
			);
			sourceTree = "<group>";
		};
		607FACD11AFB9204008FA782 /* Products */ = {
			isa = PBXGroup;
			children = (
				607FACD01AFB9204008FA782 /* VFNetwork_Example.app */,
				607FACE51AFB9204008FA782 /* VFNetwork_Tests.xctest */,
			);
			name = Products;
			sourceTree = "<group>";
		};
		607FACD21AFB9204008FA782 /* Example for VFNetwork */ = {
			isa = PBXGroup;
			children = (
				DD620C6C276AA1FE008A145C /* Delegate */,
				DD620C6B276AA1F0008A145C /* Resources */,
				DD620C5B276A97DA008A145C /* Home */,
				607FACD31AFB9204008FA782 /* Supporting Files */,
			);
			name = "Example for VFNetwork";
			path = VFNetwork;
			sourceTree = "<group>";
		};
		607FACD31AFB9204008FA782 /* Supporting Files */ = {
			isa = PBXGroup;
			children = (
				607FACD41AFB9204008FA782 /* Info.plist */,
			);
			name = "Supporting Files";
			sourceTree = "<group>";
		};
		607FACE81AFB9204008FA782 /* Tests */ = {
			isa = PBXGroup;
			children = (
				DD5DF34F276B771A00BF095D /* Home */,
				607FACE91AFB9204008FA782 /* Supporting Files */,
			);
			path = Tests;
			sourceTree = "<group>";
		};
		607FACE91AFB9204008FA782 /* Supporting Files */ = {
			isa = PBXGroup;
			children = (
				607FACEA1AFB9204008FA782 /* Info.plist */,
			);
			name = "Supporting Files";
			sourceTree = "<group>";
		};
		607FACF51AFB993E008FA782 /* Podspec Metadata */ = {
			isa = PBXGroup;
			children = (
				F06B0DDC5C155475D0089C49 /* VFNetwork.podspec */,
				61B9411CE44F61E13E653C59 /* README.md */,
				65A68D4BA05843F5A967D10B /* LICENSE */,
			);
			name = "Podspec Metadata";
			sourceTree = "<group>";
		};
		875BCEC3408FFB9F0BAFBFC8 /* Pods */ = {
			isa = PBXGroup;
			children = (
				3F798E48B6435C135516EC9C /* Pods-VFNetwork_Example.debug.xcconfig */,
				78E23C2B35012F7E9A81E00F /* Pods-VFNetwork_Example.release.xcconfig */,
				3C8EEE0D790659E7F282695E /* Pods-VFNetwork_Tests.debug.xcconfig */,
				844B37DF14CEE5FE81ED3644 /* Pods-VFNetwork_Tests.release.xcconfig */,
			);
			path = Pods;
			sourceTree = "<group>";
		};
		DD37A6D127A8554400EE2F53 /* Utils */ = {
			isa = PBXGroup;
			children = (
				DD37A6D227A8554400EE2F53 /* VLogger.swift */,
			);
			path = Utils;
			sourceTree = "<group>";
		};
		DD3D6EE82788BEDC00059943 /* Sources */ = {
			isa = PBXGroup;
			children = (
				DD3D6EE92788BEDC00059943 /* VFNetwork */,
			);
			name = Sources;
			path = ../Sources;
			sourceTree = "<group>";
		};
		DD3D6EE92788BEDC00059943 /* VFNetwork */ = {
			isa = PBXGroup;
			children = (
				DD37A6D127A8554400EE2F53 /* Utils */,
				DD3D6EEA2788BEDC00059943 /* Cache */,
				DD3D6EF12788BEDC00059943 /* Encoding */,
				DD3D6EF52788BEDC00059943 /* Json */,
				DD3D6EF82788BEDC00059943 /* HTTP */,
				DD3D6EFD2788BEDC00059943 /* Environment */,
				DD3D6F012788BEDC00059943 /* API */,
				DD3D6F052788BEDC00059943 /* Service */,
				DD3D6F0F2788BEDC00059943 /* Assets */,
			);
			path = VFNetwork;
			sourceTree = "<group>";
		};
		DD3D6EEA2788BEDC00059943 /* Cache */ = {
			isa = PBXGroup;
			children = (
				DD3D6EEB2788BEDC00059943 /* Disk.swift */,
				DD3D6EEC2788BEDC00059943 /* Enum */,
				DD3D6EEE2788BEDC00059943 /* Protocol */,
				DD3D6EF02788BEDC00059943 /* Cache.swift */,
			);
			path = Cache;
			sourceTree = "<group>";
		};
		DD3D6EEC2788BEDC00059943 /* Enum */ = {
			isa = PBXGroup;
			children = (
				DD3D6EED2788BEDC00059943 /* CacheKey.swift */,
			);
			path = Enum;
			sourceTree = "<group>";
		};
		DD3D6EEE2788BEDC00059943 /* Protocol */ = {
			isa = PBXGroup;
			children = (
				DD3D6EEF2788BEDC00059943 /* Cacheable.swift */,
			);
			path = Protocol;
			sourceTree = "<group>";
		};
		DD3D6EF12788BEDC00059943 /* Encoding */ = {
			isa = PBXGroup;
			children = (
				DD3D6EF22788BEDC00059943 /* ParameterEncoding.swift */,
				DD3D6EF32788BEDC00059943 /* URLParameterEncoding.swift */,
				DD3D6EF42788BEDC00059943 /* JSONParameterEncoding.swift */,
			);
			path = Encoding;
			sourceTree = "<group>";
		};
		DD3D6EF52788BEDC00059943 /* Json */ = {
			isa = PBXGroup;
			children = (
				DD3D6EF62788BEDC00059943 /* JSONMockContentFile.swift */,
				DD3D6EF72788BEDC00059943 /* JSONMockOrchestrator.swift */,
			);
			path = Json;
			sourceTree = "<group>";
		};
		DD3D6EF82788BEDC00059943 /* HTTP */ = {
			isa = PBXGroup;
			children = (
				DD3D6EF92788BEDC00059943 /* HTTPTask.swift */,
				DD3D6EFA2788BEDC00059943 /* HTTPMethod.swift */,
				DD3D6EFB2788BEDC00059943 /* URLPath.swift */,
				DD3D6EFC2788BEDC00059943 /* VCodable.swift */,
			);
			path = HTTP;
			sourceTree = "<group>";
		};
		DD3D6EFD2788BEDC00059943 /* Environment */ = {
			isa = PBXGroup;
			children = (
				DD3D6EFE2788BEDC00059943 /* Environment.swift */,
				DD3D6EFF2788BEDC00059943 /* Config */,
			);
			path = Environment;
			sourceTree = "<group>";
		};
		DD3D6EFF2788BEDC00059943 /* Config */ = {
			isa = PBXGroup;
			children = (
				DD3D6F002788BEDC00059943 /* Production.xcconfig */,
			);
			path = Config;
			sourceTree = "<group>";
		};
		DD3D6F012788BEDC00059943 /* API */ = {
			isa = PBXGroup;
			children = (
				DD3D6F022788BEDC00059943 /* APIBuilder+BaseURL.swift */,
				DD3D6F032788BEDC00059943 /* APIBuilder.swift */,
				DD3D6F042788BEDC00059943 /* APIError.swift */,
			);
			path = API;
			sourceTree = "<group>";
		};
		DD3D6F052788BEDC00059943 /* Service */ = {
			isa = PBXGroup;
			children = (
				DD3D6F062788BEDC00059943 /* RequestOrchestrator.swift */,
				DD3D6F072788BEDC00059943 /* RequestService.swift */,
				DD3D6F082788BEDC00059943 /* RequestLogger.swift */,
				DD3D6F092788BEDC00059943 /* RequestExecutor.swift */,
				DD3D6F0A2788BEDC00059943 /* RequestHeader.swift */,
				DD3D6F0B2788BEDC00059943 /* RequestProvider.swift */,
				DD3D6F0C2788BEDC00059943 /* Protocols */,
			);
			path = Service;
			sourceTree = "<group>";
		};
		DD3D6F0C2788BEDC00059943 /* Protocols */ = {
			isa = PBXGroup;
			children = (
				DD3D6F0D2788BEDC00059943 /* RequestOrchestratorProtocol.swift */,
				DD3D6F0E2788BEDC00059943 /* RequestBuilderProtocol.swift */,
			);
			path = Protocols;
			sourceTree = "<group>";
		};
		DD3D6F0F2788BEDC00059943 /* Assets */ = {
			isa = PBXGroup;
			children = (
				DD3D6F102788BEDC00059943 /* .gitkeep */,
			);
			path = Assets;
			sourceTree = "<group>";
		};
		DD5DF34F276B771A00BF095D /* Home */ = {
			isa = PBXGroup;
			children = (
				DD5DF350276B772200BF095D /* Responses */,
				DD5DF34D276B71C200BF095D /* HomeViewModelTests.swift */,
			);
			name = Home;
			sourceTree = "<group>";
		};
		DD5DF350276B772200BF095D /* Responses */ = {
			isa = PBXGroup;
			children = (
				DD5DF351276B774B00BF095D /* jokesSuccess.json */,
			);
			name = Responses;
			sourceTree = "<group>";
		};
		DD620C5B276A97DA008A145C /* Home */ = {
			isa = PBXGroup;
			children = (
				DD620C68276A9CAE008A145C /* Model */,
				DD620C65276A9C99008A145C /* ViewModel */,
				DD620C62276A9B56008A145C /* Controller */,
				DD620C61276A9B51008A145C /* View */,
				DD620C5C276A97DF008A145C /* Service */,
			);
			name = Home;
			sourceTree = "<group>";
		};
		DD620C5C276A97DF008A145C /* Service */ = {
			isa = PBXGroup;
			children = (
				DD620C5D276A97E9008A145C /* HomeAPI.swift */,
				DD620C5F276A987B008A145C /* HomeService.swift */,
			);
			name = Service;
			sourceTree = "<group>";
		};
		DD620C61276A9B51008A145C /* View */ = {
			isa = PBXGroup;
			children = (
				DD620C63276A9B66008A145C /* HomeView.swift */,
			);
			name = View;
			sourceTree = "<group>";
		};
		DD620C62276A9B56008A145C /* Controller */ = {
			isa = PBXGroup;
			children = (
				607FACD71AFB9204008FA782 /* HomeViewController.swift */,
			);
			name = Controller;
			sourceTree = "<group>";
		};
		DD620C65276A9C99008A145C /* ViewModel */ = {
			isa = PBXGroup;
			children = (
				DD620C66276A9CA3008A145C /* HomeViewModel.swift */,
			);
			name = ViewModel;
			sourceTree = "<group>";
		};
		DD620C68276A9CAE008A145C /* Model */ = {
			isa = PBXGroup;
			children = (
				DD620C69276A9CB4008A145C /* HomeModel.swift */,
			);
			name = Model;
			sourceTree = "<group>";
		};
		DD620C6B276AA1F0008A145C /* Resources */ = {
			isa = PBXGroup;
			children = (
				607FACDC1AFB9204008FA782 /* Images.xcassets */,
				607FACDE1AFB9204008FA782 /* LaunchScreen.xib */,
			);
			name = Resources;
			sourceTree = "<group>";
		};
		DD620C6C276AA1FE008A145C /* Delegate */ = {
			isa = PBXGroup;
			children = (
				607FACD51AFB9204008FA782 /* AppDelegate.swift */,
			);
			name = Delegate;
			sourceTree = "<group>";
		};
		E2B25B1004D3272E78F9570D /* Frameworks */ = {
			isa = PBXGroup;
			children = (
				DD05CB44278BC60300D94044 /* VFNetwork.framework */,
				DD05CB42278BC58100D94044 /* Pods_VFNetwork_Example.framework */,
				CCC1FDEBD65E2FE4F0873291 /* Pods_VFNetwork_Example.framework */,
				3A02B2E1503BE0CF365D7174 /* Pods_VFNetwork_Tests.framework */,
			);
			name = Frameworks;
			sourceTree = "<group>";
		};
/* End PBXGroup section */

/* Begin PBXNativeTarget section */
		607FACCF1AFB9204008FA782 /* VFNetwork_Example */ = {
			isa = PBXNativeTarget;
			buildConfigurationList = 607FACEF1AFB9204008FA782 /* Build configuration list for PBXNativeTarget "VFNetwork_Example" */;
			buildPhases = (
				213550D6EDD4D553F0F39E63 /* [CP] Check Pods Manifest.lock */,
				607FACCC1AFB9204008FA782 /* Sources */,
				607FACCD1AFB9204008FA782 /* Frameworks */,
				607FACCE1AFB9204008FA782 /* Resources */,
				BD29C46A0A33303905E0AA31 /* [CP] Embed Pods Frameworks */,
			);
			buildRules = (
			);
			dependencies = (
			);
			name = VFNetwork_Example;
			productName = VFNetwork;
			productReference = 607FACD01AFB9204008FA782 /* VFNetwork_Example.app */;
			productType = "com.apple.product-type.application";
		};
		607FACE41AFB9204008FA782 /* VFNetwork_Tests */ = {
			isa = PBXNativeTarget;
			buildConfigurationList = 607FACF21AFB9204008FA782 /* Build configuration list for PBXNativeTarget "VFNetwork_Tests" */;
			buildPhases = (
				297BD21F7E4B69B97615ADAA /* [CP] Check Pods Manifest.lock */,
				607FACE11AFB9204008FA782 /* Sources */,
				607FACE21AFB9204008FA782 /* Frameworks */,
				607FACE31AFB9204008FA782 /* Resources */,
			);
			buildRules = (
			);
			dependencies = (
				607FACE71AFB9204008FA782 /* PBXTargetDependency */,
			);
			name = VFNetwork_Tests;
			productName = Tests;
			productReference = 607FACE51AFB9204008FA782 /* VFNetwork_Tests.xctest */;
			productType = "com.apple.product-type.bundle.unit-test";
		};
/* End PBXNativeTarget section */

/* Begin PBXProject section */
		607FACC81AFB9204008FA782 /* Project object */ = {
			isa = PBXProject;
			attributes = {
				LastSwiftUpdateCheck = 0830;
				LastUpgradeCheck = 1310;
				ORGANIZATIONNAME = CocoaPods;
				TargetAttributes = {
					607FACCF1AFB9204008FA782 = {
						CreatedOnToolsVersion = 6.3.1;
						LastSwiftMigration = 1310;
						ProvisioningStyle = Manual;
					};
					607FACE41AFB9204008FA782 = {
						CreatedOnToolsVersion = 6.3.1;
						DevelopmentTeam = 2ZH763SM92;
						LastSwiftMigration = 1310;
						ProvisioningStyle = Manual;
						TestTargetID = 607FACCF1AFB9204008FA782;
					};
				};
			};
			buildConfigurationList = 607FACCB1AFB9204008FA782 /* Build configuration list for PBXProject "VFNetwork" */;
			compatibilityVersion = "Xcode 3.2";
			developmentRegion = en;
			hasScannedForEncodings = 0;
			knownRegions = (
				en,
				Base,
			);
			mainGroup = 607FACC71AFB9204008FA782;
			productRefGroup = 607FACD11AFB9204008FA782 /* Products */;
			projectDirPath = "";
			projectRoot = "";
			targets = (
				607FACCF1AFB9204008FA782 /* VFNetwork_Example */,
				607FACE41AFB9204008FA782 /* VFNetwork_Tests */,
			);
		};
/* End PBXProject section */

/* Begin PBXResourcesBuildPhase section */
		607FACCE1AFB9204008FA782 /* Resources */ = {
			isa = PBXResourcesBuildPhase;
			buildActionMask = 2147483647;
			files = (
				607FACE01AFB9204008FA782 /* LaunchScreen.xib in Resources */,
				DD3D6F1F2788BEDC00059943 /* Production.xcconfig in Resources */,
				DD3D6F2B2788BEDC00059943 /* .gitkeep in Resources */,
				607FACDD1AFB9204008FA782 /* Images.xcassets in Resources */,
			);
			runOnlyForDeploymentPostprocessing = 0;
		};
		607FACE31AFB9204008FA782 /* Resources */ = {
			isa = PBXResourcesBuildPhase;
			buildActionMask = 2147483647;
			files = (
				DDBCF79627A76D7000987717 /* jokesSuccess.json in Resources */,
			);
			runOnlyForDeploymentPostprocessing = 0;
		};
/* End PBXResourcesBuildPhase section */

/* Begin PBXShellScriptBuildPhase section */
		213550D6EDD4D553F0F39E63 /* [CP] Check Pods Manifest.lock */ = {
			isa = PBXShellScriptBuildPhase;
			buildActionMask = 2147483647;
			files = (
			);
			inputFileListPaths = (
			);
			inputPaths = (
				"${PODS_PODFILE_DIR_PATH}/Podfile.lock",
				"${PODS_ROOT}/Manifest.lock",
			);
			name = "[CP] Check Pods Manifest.lock";
			outputFileListPaths = (
			);
			outputPaths = (
				"$(DERIVED_FILE_DIR)/Pods-VFNetwork_Example-checkManifestLockResult.txt",
			);
			runOnlyForDeploymentPostprocessing = 0;
			shellPath = /bin/sh;
			shellScript = "diff \"${PODS_PODFILE_DIR_PATH}/Podfile.lock\" \"${PODS_ROOT}/Manifest.lock\" > /dev/null\nif [ $? != 0 ] ; then\n    # print error to STDERR\n    echo \"error: The sandbox is not in sync with the Podfile.lock. Run 'pod install' or update your CocoaPods installation.\" >&2\n    exit 1\nfi\n# This output is used by Xcode 'outputs' to avoid re-running this script phase.\necho \"SUCCESS\" > \"${SCRIPT_OUTPUT_FILE_0}\"\n";
			showEnvVarsInLog = 0;
		};
		297BD21F7E4B69B97615ADAA /* [CP] Check Pods Manifest.lock */ = {
			isa = PBXShellScriptBuildPhase;
			buildActionMask = 2147483647;
			files = (
			);
			inputFileListPaths = (
			);
			inputPaths = (
				"${PODS_PODFILE_DIR_PATH}/Podfile.lock",
				"${PODS_ROOT}/Manifest.lock",
			);
			name = "[CP] Check Pods Manifest.lock";
			outputFileListPaths = (
			);
			outputPaths = (
				"$(DERIVED_FILE_DIR)/Pods-VFNetwork_Tests-checkManifestLockResult.txt",
			);
			runOnlyForDeploymentPostprocessing = 0;
			shellPath = /bin/sh;
			shellScript = "diff \"${PODS_PODFILE_DIR_PATH}/Podfile.lock\" \"${PODS_ROOT}/Manifest.lock\" > /dev/null\nif [ $? != 0 ] ; then\n    # print error to STDERR\n    echo \"error: The sandbox is not in sync with the Podfile.lock. Run 'pod install' or update your CocoaPods installation.\" >&2\n    exit 1\nfi\n# This output is used by Xcode 'outputs' to avoid re-running this script phase.\necho \"SUCCESS\" > \"${SCRIPT_OUTPUT_FILE_0}\"\n";
			showEnvVarsInLog = 0;
		};
		BD29C46A0A33303905E0AA31 /* [CP] Embed Pods Frameworks */ = {
			isa = PBXShellScriptBuildPhase;
			buildActionMask = 2147483647;
			files = (
			);
			inputPaths = (
				"${PODS_ROOT}/Target Support Files/Pods-VFNetwork_Example/Pods-VFNetwork_Example-frameworks.sh",
				"${BUILT_PRODUCTS_DIR}/VFNetwork/VFNetwork.framework",
			);
			name = "[CP] Embed Pods Frameworks";
			outputPaths = (
				"${TARGET_BUILD_DIR}/${FRAMEWORKS_FOLDER_PATH}/VFNetwork.framework",
			);
			runOnlyForDeploymentPostprocessing = 0;
			shellPath = /bin/sh;
			shellScript = "\"${PODS_ROOT}/Target Support Files/Pods-VFNetwork_Example/Pods-VFNetwork_Example-frameworks.sh\"\n";
			showEnvVarsInLog = 0;
		};
/* End PBXShellScriptBuildPhase section */

/* Begin PBXSourcesBuildPhase section */
		607FACCC1AFB9204008FA782 /* Sources */ = {
			isa = PBXSourcesBuildPhase;
			buildActionMask = 2147483647;
			files = (
				DD3D6F262788BEDC00059943 /* RequestExecutor.swift in Sources */,
				DD3D6F1A2788BEDC00059943 /* HTTPTask.swift in Sources */,
				DD3D6F112788BEDC00059943 /* Disk.swift in Sources */,
				DD3D6F1C2788BEDC00059943 /* URLPath.swift in Sources */,
				607FACD81AFB9204008FA782 /* HomeViewController.swift in Sources */,
				DD37A6D327A8554400EE2F53 /* VLogger.swift in Sources */,
				DD3D6F162788BEDC00059943 /* URLParameterEncoding.swift in Sources */,
				DD3D6F282788BEDC00059943 /* RequestProvider.swift in Sources */,
				DD3D6F292788BEDC00059943 /* RequestOrchestratorProtocol.swift in Sources */,
				DD3D6F222788BEDC00059943 /* APIError.swift in Sources */,
				DD620C67276A9CA3008A145C /* HomeViewModel.swift in Sources */,
				DD3D6F232788BEDC00059943 /* RequestOrchestrator.swift in Sources */,
				DD3D6F252788BEDC00059943 /* RequestLogger.swift in Sources */,
				DD620C5E276A97E9008A145C /* HomeAPI.swift in Sources */,
				DD3D6F142788BEDC00059943 /* Cache.swift in Sources */,
				DD3D6F132788BEDC00059943 /* Cacheable.swift in Sources */,
				DD3D6F212788BEDC00059943 /* APIBuilder.swift in Sources */,
				DD3D6F1D2788BEDC00059943 /* VCodable.swift in Sources */,
				DD3D6F1E2788BEDC00059943 /* Environment.swift in Sources */,
				DD3D6F152788BEDC00059943 /* ParameterEncoding.swift in Sources */,
				DD620C6A276A9CB4008A145C /* HomeModel.swift in Sources */,
				DD3D6F192788BEDC00059943 /* JSONMockOrchestrator.swift in Sources */,
				DD3D6F122788BEDC00059943 /* CacheKey.swift in Sources */,
				DD620C60276A987B008A145C /* HomeService.swift in Sources */,
				DD620C64276A9B66008A145C /* HomeView.swift in Sources */,
				DD3D6F1B2788BEDC00059943 /* HTTPMethod.swift in Sources */,
				DD3D6F2A2788BEDC00059943 /* RequestBuilderProtocol.swift in Sources */,
				DD3D6F172788BEDC00059943 /* JSONParameterEncoding.swift in Sources */,
				DD3D6F202788BEDC00059943 /* APIBuilder+BaseURL.swift in Sources */,
				DD3D6F242788BEDC00059943 /* RequestService.swift in Sources */,
				DD3D6F182788BEDC00059943 /* JSONMockContentFile.swift in Sources */,
				607FACD61AFB9204008FA782 /* AppDelegate.swift in Sources */,
				DD3D6F272788BEDC00059943 /* RequestHeader.swift in Sources */,
			);
			runOnlyForDeploymentPostprocessing = 0;
		};
		607FACE11AFB9204008FA782 /* Sources */ = {
			isa = PBXSourcesBuildPhase;
			buildActionMask = 2147483647;
			files = (
				DD5DF34E276B71C200BF095D /* HomeViewModelTests.swift in Sources */,
			);
			runOnlyForDeploymentPostprocessing = 0;
		};
/* End PBXSourcesBuildPhase section */

/* Begin PBXTargetDependency section */
		607FACE71AFB9204008FA782 /* PBXTargetDependency */ = {
			isa = PBXTargetDependency;
			target = 607FACCF1AFB9204008FA782 /* VFNetwork_Example */;
			targetProxy = 607FACE61AFB9204008FA782 /* PBXContainerItemProxy */;
		};
/* End PBXTargetDependency section */

/* Begin PBXVariantGroup section */
		607FACDE1AFB9204008FA782 /* LaunchScreen.xib */ = {
			isa = PBXVariantGroup;
			children = (
				607FACDF1AFB9204008FA782 /* Base */,
			);
			name = LaunchScreen.xib;
			sourceTree = "<group>";
		};
/* End PBXVariantGroup section */

/* Begin XCBuildConfiguration section */
		607FACED1AFB9204008FA782 /* Debug */ = {
			isa = XCBuildConfiguration;
			buildSettings = {
				ALWAYS_EMBED_SWIFT_STANDARD_LIBRARIES = YES;
				ALWAYS_SEARCH_USER_PATHS = NO;
				CLANG_ANALYZER_LOCALIZABILITY_NONLOCALIZED = YES;
				CLANG_CXX_LANGUAGE_STANDARD = "gnu++0x";
				CLANG_CXX_LIBRARY = "libc++";
				CLANG_ENABLE_MODULES = YES;
				CLANG_ENABLE_OBJC_ARC = YES;
				CLANG_WARN_BLOCK_CAPTURE_AUTORELEASING = YES;
				CLANG_WARN_BOOL_CONVERSION = YES;
				CLANG_WARN_COMMA = YES;
				CLANG_WARN_CONSTANT_CONVERSION = YES;
				CLANG_WARN_DEPRECATED_OBJC_IMPLEMENTATIONS = YES;
				CLANG_WARN_DIRECT_OBJC_ISA_USAGE = YES_ERROR;
				CLANG_WARN_EMPTY_BODY = YES;
				CLANG_WARN_ENUM_CONVERSION = YES;
				CLANG_WARN_INFINITE_RECURSION = YES;
				CLANG_WARN_INT_CONVERSION = YES;
				CLANG_WARN_NON_LITERAL_NULL_CONVERSION = YES;
				CLANG_WARN_OBJC_IMPLICIT_RETAIN_SELF = YES;
				CLANG_WARN_OBJC_LITERAL_CONVERSION = YES;
				CLANG_WARN_OBJC_ROOT_CLASS = YES_ERROR;
				CLANG_WARN_QUOTED_INCLUDE_IN_FRAMEWORK_HEADER = YES;
				CLANG_WARN_RANGE_LOOP_ANALYSIS = YES;
				CLANG_WARN_STRICT_PROTOTYPES = YES;
				CLANG_WARN_SUSPICIOUS_MOVE = YES;
				CLANG_WARN_UNREACHABLE_CODE = YES;
				CLANG_WARN__DUPLICATE_METHOD_MATCH = YES;
				"CODE_SIGN_IDENTITY[sdk=iphoneos*]" = "iPhone Developer";
				COPY_PHASE_STRIP = NO;
				DEBUG_INFORMATION_FORMAT = "dwarf-with-dsym";
				ENABLE_BITCODE = NO;
				ENABLE_STRICT_OBJC_MSGSEND = YES;
				ENABLE_TESTABILITY = YES;
				ENABLE_TESTING_SEARCH_PATHS = YES;
				GCC_C_LANGUAGE_STANDARD = gnu99;
				GCC_DYNAMIC_NO_PIC = NO;
				GCC_NO_COMMON_BLOCKS = YES;
				GCC_OPTIMIZATION_LEVEL = 0;
				GCC_PREPROCESSOR_DEFINITIONS = (
					"DEBUG=1",
					"$(inherited)",
				);
				GCC_SYMBOLS_PRIVATE_EXTERN = NO;
				GCC_WARN_64_TO_32_BIT_CONVERSION = YES;
				GCC_WARN_ABOUT_RETURN_TYPE = YES_ERROR;
				GCC_WARN_UNDECLARED_SELECTOR = YES;
				GCC_WARN_UNINITIALIZED_AUTOS = YES_AGGRESSIVE;
				GCC_WARN_UNUSED_FUNCTION = YES;
				GCC_WARN_UNUSED_VARIABLE = YES;
				IPHONEOS_DEPLOYMENT_TARGET = 12.0;
				MTL_ENABLE_DEBUG_INFO = YES;
				ONLY_ACTIVE_ARCH = YES;
				SDKROOT = iphoneos;
				SWIFT_OPTIMIZATION_LEVEL = "-Onone";
			};
			name = Debug;
		};
		607FACEE1AFB9204008FA782 /* Release */ = {
			isa = XCBuildConfiguration;
			buildSettings = {
				ALWAYS_EMBED_SWIFT_STANDARD_LIBRARIES = YES;
				ALWAYS_SEARCH_USER_PATHS = NO;
				CLANG_ANALYZER_LOCALIZABILITY_NONLOCALIZED = YES;
				CLANG_CXX_LANGUAGE_STANDARD = "gnu++0x";
				CLANG_CXX_LIBRARY = "libc++";
				CLANG_ENABLE_MODULES = YES;
				CLANG_ENABLE_OBJC_ARC = YES;
				CLANG_WARN_BLOCK_CAPTURE_AUTORELEASING = YES;
				CLANG_WARN_BOOL_CONVERSION = YES;
				CLANG_WARN_COMMA = YES;
				CLANG_WARN_CONSTANT_CONVERSION = YES;
				CLANG_WARN_DEPRECATED_OBJC_IMPLEMENTATIONS = YES;
				CLANG_WARN_DIRECT_OBJC_ISA_USAGE = YES_ERROR;
				CLANG_WARN_EMPTY_BODY = YES;
				CLANG_WARN_ENUM_CONVERSION = YES;
				CLANG_WARN_INFINITE_RECURSION = YES;
				CLANG_WARN_INT_CONVERSION = YES;
				CLANG_WARN_NON_LITERAL_NULL_CONVERSION = YES;
				CLANG_WARN_OBJC_IMPLICIT_RETAIN_SELF = YES;
				CLANG_WARN_OBJC_LITERAL_CONVERSION = YES;
				CLANG_WARN_OBJC_ROOT_CLASS = YES_ERROR;
				CLANG_WARN_QUOTED_INCLUDE_IN_FRAMEWORK_HEADER = YES;
				CLANG_WARN_RANGE_LOOP_ANALYSIS = YES;
				CLANG_WARN_STRICT_PROTOTYPES = YES;
				CLANG_WARN_SUSPICIOUS_MOVE = YES;
				CLANG_WARN_UNREACHABLE_CODE = YES;
				CLANG_WARN__DUPLICATE_METHOD_MATCH = YES;
				"CODE_SIGN_IDENTITY[sdk=iphoneos*]" = "iPhone Developer";
				COPY_PHASE_STRIP = NO;
				DEBUG_INFORMATION_FORMAT = "dwarf-with-dsym";
				ENABLE_BITCODE = NO;
				ENABLE_NS_ASSERTIONS = NO;
				ENABLE_STRICT_OBJC_MSGSEND = YES;
				ENABLE_TESTING_SEARCH_PATHS = YES;
				GCC_C_LANGUAGE_STANDARD = gnu99;
				GCC_NO_COMMON_BLOCKS = YES;
				GCC_WARN_64_TO_32_BIT_CONVERSION = YES;
				GCC_WARN_ABOUT_RETURN_TYPE = YES_ERROR;
				GCC_WARN_UNDECLARED_SELECTOR = YES;
				GCC_WARN_UNINITIALIZED_AUTOS = YES_AGGRESSIVE;
				GCC_WARN_UNUSED_FUNCTION = YES;
				GCC_WARN_UNUSED_VARIABLE = YES;
				IPHONEOS_DEPLOYMENT_TARGET = 12.0;
				MTL_ENABLE_DEBUG_INFO = NO;
				SDKROOT = iphoneos;
				SWIFT_OPTIMIZATION_LEVEL = "-Owholemodule";
				VALIDATE_PRODUCT = YES;
			};
			name = Release;
		};
		607FACF01AFB9204008FA782 /* Debug */ = {
			isa = XCBuildConfiguration;
			baseConfigurationReference = 3F798E48B6435C135516EC9C /* Pods-VFNetwork_Example.debug.xcconfig */;
			buildSettings = {
				ASSETCATALOG_COMPILER_APPICON_NAME = AppIcon;
				CODE_SIGN_STYLE = Manual;
				DEVELOPMENT_TEAM = "";
				INFOPLIST_FILE = VFNetwork/Info.plist;
				LD_RUNPATH_SEARCH_PATHS = "$(inherited) @executable_path/Frameworks";
				LD_VERIFY_BITCODE = NO;
				MARKETING_VERSION = 1.4.2;
				MODULE_NAME = ExampleApp;
				PRODUCT_BUNDLE_IDENTIFIER = "org.cocoapods.demo.$(PRODUCT_NAME:rfc1034identifier)";
				PRODUCT_NAME = "$(TARGET_NAME)";
				PROVISIONING_PROFILE_SPECIFIER = "";
				SWIFT_SWIFT3_OBJC_INFERENCE = Default;
				SWIFT_VERSION = 5.0;
			};
			name = Debug;
		};
		607FACF11AFB9204008FA782 /* Release */ = {
			isa = XCBuildConfiguration;
			baseConfigurationReference = 78E23C2B35012F7E9A81E00F /* Pods-VFNetwork_Example.release.xcconfig */;
			buildSettings = {
				ASSETCATALOG_COMPILER_APPICON_NAME = AppIcon;
				CODE_SIGN_STYLE = Manual;
				DEVELOPMENT_TEAM = "";
				INFOPLIST_FILE = VFNetwork/Info.plist;
				LD_RUNPATH_SEARCH_PATHS = "$(inherited) @executable_path/Frameworks";
				LD_VERIFY_BITCODE = NO;
				MARKETING_VERSION = 1.4.2;
				MODULE_NAME = ExampleApp;
				PRODUCT_BUNDLE_IDENTIFIER = "org.cocoapods.demo.$(PRODUCT_NAME:rfc1034identifier)";
				PRODUCT_NAME = "$(TARGET_NAME)";
				PROVISIONING_PROFILE_SPECIFIER = "";
				SWIFT_SWIFT3_OBJC_INFERENCE = Default;
				SWIFT_VERSION = 5.0;
			};
			name = Release;
		};
		607FACF31AFB9204008FA782 /* Debug */ = {
			isa = XCBuildConfiguration;
			baseConfigurationReference = 3C8EEE0D790659E7F282695E /* Pods-VFNetwork_Tests.debug.xcconfig */;
			buildSettings = {
				BUNDLE_LOADER = "$(TEST_HOST)";
				"CODE_SIGN_IDENTITY[sdk=macosx*]" = "-";
				CODE_SIGN_STYLE = Manual;
				DEVELOPMENT_TEAM = 2ZH763SM92;
				FRAMEWORK_SEARCH_PATHS = (
					"$(PLATFORM_DIR)/Developer/Library/Frameworks",
					"$(inherited)",
				);
				GCC_PREPROCESSOR_DEFINITIONS = (
					"DEBUG=1",
					"$(inherited)",
				);
				INFOPLIST_FILE = Tests/Info.plist;
				LD_RUNPATH_SEARCH_PATHS = "$(inherited) @executable_path/Frameworks @loader_path/Frameworks";
				PRODUCT_BUNDLE_IDENTIFIER = "org.cocoapods.$(PRODUCT_NAME:rfc1034identifier)";
				PRODUCT_NAME = "$(TARGET_NAME)";
				PROVISIONING_PROFILE_SPECIFIER = "";
				"PROVISIONING_PROFILE_SPECIFIER[sdk=macosx*]" = "";
				SWIFT_SWIFT3_OBJC_INFERENCE = Default;
				SWIFT_VERSION = 5.0;
				TEST_HOST = "$(BUILT_PRODUCTS_DIR)/VFNetwork_Example.app/VFNetwork_Example";
			};
			name = Debug;
		};
		607FACF41AFB9204008FA782 /* Release */ = {
			isa = XCBuildConfiguration;
			baseConfigurationReference = 844B37DF14CEE5FE81ED3644 /* Pods-VFNetwork_Tests.release.xcconfig */;
			buildSettings = {
				BUNDLE_LOADER = "$(TEST_HOST)";
				"CODE_SIGN_IDENTITY[sdk=macosx*]" = "-";
				CODE_SIGN_STYLE = Manual;
				DEVELOPMENT_TEAM = 2ZH763SM92;
				FRAMEWORK_SEARCH_PATHS = (
					"$(PLATFORM_DIR)/Developer/Library/Frameworks",
					"$(inherited)",
				);
				INFOPLIST_FILE = Tests/Info.plist;
				LD_RUNPATH_SEARCH_PATHS = "$(inherited) @executable_path/Frameworks @loader_path/Frameworks";
				PRODUCT_BUNDLE_IDENTIFIER = "org.cocoapods.$(PRODUCT_NAME:rfc1034identifier)";
				PRODUCT_NAME = "$(TARGET_NAME)";
				PROVISIONING_PROFILE_SPECIFIER = "";
				"PROVISIONING_PROFILE_SPECIFIER[sdk=macosx*]" = "";
				SWIFT_SWIFT3_OBJC_INFERENCE = Default;
				SWIFT_VERSION = 5.0;
				TEST_HOST = "$(BUILT_PRODUCTS_DIR)/VFNetwork_Example.app/VFNetwork_Example";
			};
			name = Release;
		};
/* End XCBuildConfiguration section */

/* Begin XCConfigurationList section */
		607FACCB1AFB9204008FA782 /* Build configuration list for PBXProject "VFNetwork" */ = {
			isa = XCConfigurationList;
			buildConfigurations = (
				607FACED1AFB9204008FA782 /* Debug */,
				607FACEE1AFB9204008FA782 /* Release */,
			);
			defaultConfigurationIsVisible = 0;
			defaultConfigurationName = Release;
		};
		607FACEF1AFB9204008FA782 /* Build configuration list for PBXNativeTarget "VFNetwork_Example" */ = {
			isa = XCConfigurationList;
			buildConfigurations = (
				607FACF01AFB9204008FA782 /* Debug */,
				607FACF11AFB9204008FA782 /* Release */,
			);
			defaultConfigurationIsVisible = 0;
			defaultConfigurationName = Release;
		};
		607FACF21AFB9204008FA782 /* Build configuration list for PBXNativeTarget "VFNetwork_Tests" */ = {
			isa = XCConfigurationList;
			buildConfigurations = (
				607FACF31AFB9204008FA782 /* Debug */,
				607FACF41AFB9204008FA782 /* Release */,
			);
			defaultConfigurationIsVisible = 0;
			defaultConfigurationName = Release;
		};
/* End XCConfigurationList section */
	};
	rootObject = 607FACC81AFB9204008FA782 /* Project object */;
}
